
Microsoft Visual Studio Solution File, Format Version 12.00
# Visual Studio Version 16
VisualStudioVersion = 16.0.31605.320
MinimumVisualStudioVersion = 10.0.40219.1
Project("{9A19103F-16F7-4668-BE54-9A1E7A4F7556}") = "FormsProyectoPII", "FormsProyectoPII\FormsProyectoPII.csproj", "{59316164-5F11-40BD-B3D6-EAEFDC5834CE}"
EndProject
Project("{9A19103F-16F7-4668-BE54-9A1E7A4F7556}") = "LibProyectoPII", "LibProyectoPII\LibProyectoPII.csproj", "{80FEE8C5-3FFF-4592-9D1A-AF690C29B571}"
EndProject
Project("{9A19103F-16F7-4668-BE54-9A1E7A4F7556}") = "WebApiProyectoPII", "WebApiProyectoPII\WebApiProyectoPII.csproj", "{F9B334AA-7FEA-4B91-A251-34E54470F32A}"
EndProject
Global
	GlobalSection(SolutionConfigurationPlatforms) = preSolution
		Debug|Any CPU = Debug|Any CPU
		Release|Any CPU = Release|Any CPU
	EndGlobalSection
	GlobalSection(ProjectConfigurationPlatforms) = postSolution
		{59316164-5F11-40BD-B3D6-EAEFDC5834CE}.Debug|Any CPU.ActiveCfg = Debug|Any CPU
		{59316164-5F11-40BD-B3D6-EAEFDC5834CE}.Debug|Any CPU.Build.0 = Debug|Any CPU
		{59316164-5F11-40BD-B3D6-EAEFDC5834CE}.Release|Any CPU.ActiveCfg = Release|Any CPU
		{59316164-5F11-40BD-B3D6-EAEFDC5834CE}.Release|Any CPU.Build.0 = Release|Any CPU
		{80FEE8C5-3FFF-4592-9D1A-AF690C29B571}.Debug|Any CPU.ActiveCfg = Debug|Any CPU
		{80FEE8C5-3FFF-4592-9D1A-AF690C29B571}.Debug|Any CPU.Build.0 = Debug|Any CPU
		{80FEE8C5-3FFF-4592-9D1A-AF690C29B571}.Release|Any CPU.ActiveCfg = Release|Any CPU
		{80FEE8C5-3FFF-4592-9D1A-AF690C29B571}.Release|Any CPU.Build.0 = Release|Any CPU
		{F9B334AA-7FEA-4B91-A251-34E54470F32A}.Debug|Any CPU.ActiveCfg = Debug|Any CPU
		{F9B334AA-7FEA-4B91-A251-34E54470F32A}.Debug|Any CPU.Build.0 = Debug|Any CPU
		{F9B334AA-7FEA-4B91-A251-34E54470F32A}.Release|Any CPU.ActiveCfg = Release|Any CPU
		{F9B334AA-7FEA-4B91-A251-34E54470F32A}.Release|Any CPU.Build.0 = Release|Any CPU
	EndGlobalSection
	GlobalSection(SolutionProperties) = preSolution
		HideSolutionNode = FALSE
	EndGlobalSection
	GlobalSection(ExtensibilityGlobals) = postSolution
		SolutionGuid = {FDB06870-B3F5-4AC9-9760-7CD6AED0AA25}
	EndGlobalSection
EndGlobal
